// !$*UTF8*$!
{
	archiveVersion = 1;
	classes = {
	};
	objectVersion = 46;
	objects = {

/* Begin PBXBuildFile section */
		76216E801EF4E59C0097F574 /* TMMainScreenControllerViewController.m in Sources */ = {isa = PBXBuildFile; fileRef = 76216E7F1EF4E59C0097F574 /* TMMainScreenControllerViewController.m */; };
		76216E851EF4E8900097F574 /* TMFilterButton.m in Sources */ = {isa = PBXBuildFile; fileRef = 76216E841EF4E8900097F574 /* TMFilterButton.m */; };
		76216E891EF5221E0097F574 /* TMDataManager.m in Sources */ = {isa = PBXBuildFile; fileRef = 76216E881EF5221E0097F574 /* TMDataManager.m */; };
		76216E8C1EF525340097F574 /* TMProcessedImageCell.m in Sources */ = {isa = PBXBuildFile; fileRef = 76216E8B1EF525340097F574 /* TMProcessedImageCell.m */; };
		76216E8F1EF6E03E0097F574 /* TMServiceFilters.m in Sources */ = {isa = PBXBuildFile; fileRef = 76216E8E1EF6E03E0097F574 /* TMServiceFilters.m */; };
		76216E931EF7DD470097F574 /* TMDownloadManager.m in Sources */ = {isa = PBXBuildFile; fileRef = 76216E921EF7DD470097F574 /* TMDownloadManager.m */; };
		76216E971EF7FDF70097F574 /* TMURLValidation.m in Sources */ = {isa = PBXBuildFile; fileRef = 76216E961EF7FDF70097F574 /* TMURLValidation.m */; };
		76216EA31EF832D70097F574 /* TMExifTableViewController.m in Sources */ = {isa = PBXBuildFile; fileRef = 76216EA21EF832D70097F574 /* TMExifTableViewController.m */; };
		76216EA61EF832F40097F574 /* TMExifDataCollector.m in Sources */ = {isa = PBXBuildFile; fileRef = 76216EA51EF832F40097F574 /* TMExifDataCollector.m */; };
		7639DD441ED970E70020C19C /* main.m in Sources */ = {isa = PBXBuildFile; fileRef = 7639DD431ED970E70020C19C /* main.m */; };
		7639DD471ED970E70020C19C /* AppDelegate.m in Sources */ = {isa = PBXBuildFile; fileRef = 7639DD461ED970E70020C19C /* AppDelegate.m */; };
		7639DD4D1ED970E70020C19C /* Main.storyboard in Resources */ = {isa = PBXBuildFile; fileRef = 7639DD4B1ED970E70020C19C /* Main.storyboard */; };
		7639DD501ED970E70020C19C /* Image_Processor.xcdatamodeld in Sources */ = {isa = PBXBuildFile; fileRef = 7639DD4E1ED970E70020C19C /* Image_Processor.xcdatamodeld */; };
		7639DD521ED970E70020C19C /* Assets.xcassets in Resources */ = {isa = PBXBuildFile; fileRef = 7639DD511ED970E70020C19C /* Assets.xcassets */; };
		7639DD551ED970E70020C19C /* LaunchScreen.storyboard in Resources */ = {isa = PBXBuildFile; fileRef = 7639DD531ED970E70020C19C /* LaunchScreen.storyboard */; };
/* End PBXBuildFile section */

/* Begin PBXFileReference section */
		76216E7E1EF4E59C0097F574 /* TMMainScreenControllerViewController.h */ = {isa = PBXFileReference; fileEncoding = 4; lastKnownFileType = sourcecode.c.h; path = TMMainScreenControllerViewController.h; sourceTree = "<group>"; };
		76216E7F1EF4E59C0097F574 /* TMMainScreenControllerViewController.m */ = {isa = PBXFileReference; fileEncoding = 4; lastKnownFileType = sourcecode.c.objc; path = TMMainScreenControllerViewController.m; sourceTree = "<group>"; };
		76216E831EF4E8900097F574 /* TMFilterButton.h */ = {isa = PBXFileReference; fileEncoding = 4; lastKnownFileType = sourcecode.c.h; path = TMFilterButton.h; sourceTree = "<group>"; };
		76216E841EF4E8900097F574 /* TMFilterButton.m */ = {isa = PBXFileReference; fileEncoding = 4; lastKnownFileType = sourcecode.c.objc; path = TMFilterButton.m; sourceTree = "<group>"; };
		76216E871EF5221E0097F574 /* TMDataManager.h */ = {isa = PBXFileReference; fileEncoding = 4; lastKnownFileType = sourcecode.c.h; path = TMDataManager.h; sourceTree = "<group>"; };
		76216E881EF5221E0097F574 /* TMDataManager.m */ = {isa = PBXFileReference; fileEncoding = 4; lastKnownFileType = sourcecode.c.objc; path = TMDataManager.m; sourceTree = "<group>"; };
		76216E8A1EF525340097F574 /* TMProcessedImageCell.h */ = {isa = PBXFileReference; fileEncoding = 4; lastKnownFileType = sourcecode.c.h; path = TMProcessedImageCell.h; sourceTree = "<group>"; };
		76216E8B1EF525340097F574 /* TMProcessedImageCell.m */ = {isa = PBXFileReference; fileEncoding = 4; lastKnownFileType = sourcecode.c.objc; path = TMProcessedImageCell.m; sourceTree = "<group>"; };
		76216E8D1EF6E03E0097F574 /* TMServiceFilters.h */ = {isa = PBXFileReference; fileEncoding = 4; lastKnownFileType = sourcecode.c.h; path = TMServiceFilters.h; sourceTree = "<group>"; };
		76216E8E1EF6E03E0097F574 /* TMServiceFilters.m */ = {isa = PBXFileReference; fileEncoding = 4; lastKnownFileType = sourcecode.c.objc; path = TMServiceFilters.m; sourceTree = "<group>"; };
		76216E901EF7B7800097F574 /* TMProcessedImageCellDelegate.h */ = {isa = PBXFileReference; lastKnownFileType = sourcecode.c.h; path = TMProcessedImageCellDelegate.h; sourceTree = "<group>"; };
		76216E911EF7DD470097F574 /* TMDownloadManager.h */ = {isa = PBXFileReference; fileEncoding = 4; lastKnownFileType = sourcecode.c.h; path = TMDownloadManager.h; sourceTree = "<group>"; };
		76216E921EF7DD470097F574 /* TMDownloadManager.m */ = {isa = PBXFileReference; fileEncoding = 4; lastKnownFileType = sourcecode.c.objc; path = TMDownloadManager.m; sourceTree = "<group>"; };
		76216E941EF7DDA90097F574 /* TMDownloadManagerDelegate.h */ = {isa = PBXFileReference; lastKnownFileType = sourcecode.c.h; path = TMDownloadManagerDelegate.h; sourceTree = "<group>"; };
		76216E951EF7FDF70097F574 /* TMURLValidation.h */ = {isa = PBXFileReference; fileEncoding = 4; lastKnownFileType = sourcecode.c.h; path = TMURLValidation.h; sourceTree = "<group>"; };
		76216E961EF7FDF70097F574 /* TMURLValidation.m */ = {isa = PBXFileReference; fileEncoding = 4; lastKnownFileType = sourcecode.c.objc; path = TMURLValidation.m; sourceTree = "<group>"; };
		76216EA11EF832D70097F574 /* TMExifTableViewController.h */ = {isa = PBXFileReference; fileEncoding = 4; lastKnownFileType = sourcecode.c.h; path = TMExifTableViewController.h; sourceTree = "<group>"; };
		76216EA21EF832D70097F574 /* TMExifTableViewController.m */ = {isa = PBXFileReference; fileEncoding = 4; lastKnownFileType = sourcecode.c.objc; path = TMExifTableViewController.m; sourceTree = "<group>"; };
		76216EA41EF832F40097F574 /* TMExifDataCollector.h */ = {isa = PBXFileReference; fileEncoding = 4; lastKnownFileType = sourcecode.c.h; path = TMExifDataCollector.h; sourceTree = "<group>"; };
		76216EA51EF832F40097F574 /* TMExifDataCollector.m */ = {isa = PBXFileReference; fileEncoding = 4; lastKnownFileType = sourcecode.c.objc; path = TMExifDataCollector.m; sourceTree = "<group>"; };
		7639DD3F1ED970E70020C19C /* Image Processor.app */ = {isa = PBXFileReference; explicitFileType = wrapper.application; includeInIndex = 0; path = "Image Processor.app"; sourceTree = BUILT_PRODUCTS_DIR; };
		7639DD431ED970E70020C19C /* main.m */ = {isa = PBXFileReference; lastKnownFileType = sourcecode.c.objc; path = main.m; sourceTree = "<group>"; };
		7639DD451ED970E70020C19C /* AppDelegate.h */ = {isa = PBXFileReference; lastKnownFileType = sourcecode.c.h; path = AppDelegate.h; sourceTree = "<group>"; };
		7639DD461ED970E70020C19C /* AppDelegate.m */ = {isa = PBXFileReference; lastKnownFileType = sourcecode.c.objc; path = AppDelegate.m; sourceTree = "<group>"; };
		7639DD4C1ED970E70020C19C /* Base */ = {isa = PBXFileReference; lastKnownFileType = file.storyboard; name = Base; path = Base.lproj/Main.storyboard; sourceTree = "<group>"; };
		7639DD4F1ED970E70020C19C /* Image_Processor.xcdatamodel */ = {isa = PBXFileReference; lastKnownFileType = wrapper.xcdatamodel; path = Image_Processor.xcdatamodel; sourceTree = "<group>"; };
		7639DD511ED970E70020C19C /* Assets.xcassets */ = {isa = PBXFileReference; lastKnownFileType = folder.assetcatalog; path = Assets.xcassets; sourceTree = "<group>"; };
		7639DD541ED970E70020C19C /* Base */ = {isa = PBXFileReference; lastKnownFileType = file.storyboard; name = Base; path = Base.lproj/LaunchScreen.storyboard; sourceTree = "<group>"; };
		7639DD561ED970E70020C19C /* Info.plist */ = {isa = PBXFileReference; lastKnownFileType = text.plist.xml; path = Info.plist; sourceTree = "<group>"; };
/* End PBXFileReference section */

/* Begin PBXFrameworksBuildPhase section */
		7639DD3C1ED970E70020C19C /* Frameworks */ = {
			isa = PBXFrameworksBuildPhase;
			buildActionMask = 2147483647;
			files = (
			);
			runOnlyForDeploymentPostprocessing = 0;
		};
/* End PBXFrameworksBuildPhase section */

/* Begin PBXGroup section */
		76216E811EF4E5F50097F574 /* Model */ = {
			isa = PBXGroup;
			children = (
				76216E831EF4E8900097F574 /* TMFilterButton.h */,
				76216E841EF4E8900097F574 /* TMFilterButton.m */,
				76216E901EF7B7800097F574 /* TMProcessedImageCellDelegate.h */,
				76216E8A1EF525340097F574 /* TMProcessedImageCell.h */,
				76216E8B1EF525340097F574 /* TMProcessedImageCell.m */,
			);
			name = Model;
			sourceTree = "<group>";
		};
		76216E861EF521EB0097F574 /* Services */ = {
			isa = PBXGroup;
			children = (
				76216E951EF7FDF70097F574 /* TMURLValidation.h */,
				76216E961EF7FDF70097F574 /* TMURLValidation.m */,
				76216E871EF5221E0097F574 /* TMDataManager.h */,
				76216E881EF5221E0097F574 /* TMDataManager.m */,
				76216E8D1EF6E03E0097F574 /* TMServiceFilters.h */,
				76216E8E1EF6E03E0097F574 /* TMServiceFilters.m */,
				76216E911EF7DD470097F574 /* TMDownloadManager.h */,
				76216E921EF7DD470097F574 /* TMDownloadManager.m */,
				76216E941EF7DDA90097F574 /* TMDownloadManagerDelegate.h */,
				76216EA41EF832F40097F574 /* TMExifDataCollector.h */,
				76216EA51EF832F40097F574 /* TMExifDataCollector.m */,
			);
			name = Services;
			sourceTree = "<group>";
		};
		7639DD361ED970E70020C19C = {
			isa = PBXGroup;
			children = (
				7639DD411ED970E70020C19C /* Image Processor */,
				7639DD401ED970E70020C19C /* Products */,
			);
			sourceTree = "<group>";
		};
		7639DD401ED970E70020C19C /* Products */ = {
			isa = PBXGroup;
			children = (
				7639DD3F1ED970E70020C19C /* Image Processor.app */,
			);
			name = Products;
			sourceTree = "<group>";
		};
		7639DD411ED970E70020C19C /* Image Processor */ = {
			isa = PBXGroup;
			children = (
				7639DD451ED970E70020C19C /* AppDelegate.h */,
				7639DD461ED970E70020C19C /* AppDelegate.m */,
				76216E861EF521EB0097F574 /* Services */,
				76216E811EF4E5F50097F574 /* Model */,
				7639DD5C1ED971D20020C19C /* View Controllers */,
				7639DD4B1ED970E70020C19C /* Main.storyboard */,
				7639DD511ED970E70020C19C /* Assets.xcassets */,
				7639DD531ED970E70020C19C /* LaunchScreen.storyboard */,
				7639DD561ED970E70020C19C /* Info.plist */,
				7639DD4E1ED970E70020C19C /* Image_Processor.xcdatamodeld */,
				7639DD421ED970E70020C19C /* Supporting Files */,
			);
			path = "Image Processor";
			sourceTree = "<group>";
		};
		7639DD421ED970E70020C19C /* Supporting Files */ = {
			isa = PBXGroup;
			children = (
				7639DD431ED970E70020C19C /* main.m */,
			);
			name = "Supporting Files";
			sourceTree = "<group>";
		};
		7639DD5C1ED971D20020C19C /* View Controllers */ = {
			isa = PBXGroup;
			children = (
				76216E7E1EF4E59C0097F574 /* TMMainScreenControllerViewController.h */,
				76216E7F1EF4E59C0097F574 /* TMMainScreenControllerViewController.m */,
				76216EA11EF832D70097F574 /* TMExifTableViewController.h */,
				76216EA21EF832D70097F574 /* TMExifTableViewController.m */,
			);
			name = "View Controllers";
			sourceTree = "<group>";
		};
/* End PBXGroup section */

/* Begin PBXNativeTarget section */
		7639DD3E1ED970E70020C19C /* Image Processor */ = {
			isa = PBXNativeTarget;
			buildConfigurationList = 7639DD591ED970E70020C19C /* Build configuration list for PBXNativeTarget "Image Processor" */;
			buildPhases = (
				7639DD3B1ED970E70020C19C /* Sources */,
				7639DD3C1ED970E70020C19C /* Frameworks */,
				7639DD3D1ED970E70020C19C /* Resources */,
			);
			buildRules = (
			);
			dependencies = (
			);
			name = "Image Processor";
			productName = "Image Processor";
			productReference = 7639DD3F1ED970E70020C19C /* Image Processor.app */;
			productType = "com.apple.product-type.application";
		};
/* End PBXNativeTarget section */

/* Begin PBXProject section */
		7639DD371ED970E70020C19C /* Project object */ = {
			isa = PBXProject;
			attributes = {
				CLASSPREFIX = TM;
				LastUpgradeCheck = 0830;
				ORGANIZATIONNAME = "Taras Minin";
				TargetAttributes = {
					7639DD3E1ED970E70020C19C = {
						CreatedOnToolsVersion = 8.3.2;
						DevelopmentTeam = D82HCVQN26;
						ProvisioningStyle = Automatic;
					};
				};
			};
			buildConfigurationList = 7639DD3A1ED970E70020C19C /* Build configuration list for PBXProject "Image Processor" */;
			compatibilityVersion = "Xcode 3.2";
			developmentRegion = English;
			hasScannedForEncodings = 0;
			knownRegions = (
				en,
				Base,
			);
			mainGroup = 7639DD361ED970E70020C19C;
			productRefGroup = 7639DD401ED970E70020C19C /* Products */;
			projectDirPath = "";
			projectRoot = "";
			targets = (
				7639DD3E1ED970E70020C19C /* Image Processor */,
			);
		};
/* End PBXProject section */

/* Begin PBXResourcesBuildPhase section */
		7639DD3D1ED970E70020C19C /* Resources */ = {
			isa = PBXResourcesBuildPhase;
			buildActionMask = 2147483647;
			files = (
				7639DD551ED970E70020C19C /* LaunchScreen.storyboard in Resources */,
				7639DD521ED970E70020C19C /* Assets.xcassets in Resources */,
				7639DD4D1ED970E70020C19C /* Main.storyboard in Resources */,
			);
			runOnlyForDeploymentPostprocessing = 0;
		};
/* End PBXResourcesBuildPhase section */

/* Begin PBXSourcesBuildPhase section */
		7639DD3B1ED970E70020C19C /* Sources */ = {
			isa = PBXSourcesBuildPhase;
			buildActionMask = 2147483647;
			files = (
				76216E8F1EF6E03E0097F574 /* TMServiceFilters.m in Sources */,
				76216E971EF7FDF70097F574 /* TMURLValidation.m in Sources */,
				7639DD471ED970E70020C19C /* AppDelegate.m in Sources */,
				76216EA31EF832D70097F574 /* TMExifTableViewController.m in Sources */,
				7639DD501ED970E70020C19C /* Image_Processor.xcdatamodeld in Sources */,
				7639DD441ED970E70020C19C /* main.m in Sources */,
				76216E851EF4E8900097F574 /* TMFilterButton.m in Sources */,
				76216E8C1EF525340097F574 /* TMProcessedImageCell.m in Sources */,
				76216E801EF4E59C0097F574 /* TMMainScreenControllerViewController.m in Sources */,
				76216E891EF5221E0097F574 /* TMDataManager.m in Sources */,
				76216EA61EF832F40097F574 /* TMExifDataCollector.m in Sources */,
				76216E931EF7DD470097F574 /* TMDownloadManager.m in Sources */,
			);
			runOnlyForDeploymentPostprocessing = 0;
		};
/* End PBXSourcesBuildPhase section */

/* Begin PBXVariantGroup section */
		7639DD4B1ED970E70020C19C /* Main.storyboard */ = {
			isa = PBXVariantGroup;
			children = (
				7639DD4C1ED970E70020C19C /* Base */,
			);
			name = Main.storyboard;
			sourceTree = "<group>";
		};
		7639DD531ED970E70020C19C /* LaunchScreen.storyboard */ = {
			isa = PBXVariantGroup;
			children = (
				7639DD541ED970E70020C19C /* Base */,
			);
			name = LaunchScreen.storyboard;
			sourceTree = "<group>";
		};
/* End PBXVariantGroup section */

/* Begin XCBuildConfiguration section */
		7639DD571ED970E70020C19C /* Debug */ = {
			isa = XCBuildConfiguration;
			buildSettings = {
				ALWAYS_SEARCH_USER_PATHS = NO;
				CLANG_ANALYZER_NONNULL = YES;
				CLANG_ANALYZER_NUMBER_OBJECT_CONVERSION = YES_AGGRESSIVE;
				CLANG_CXX_LANGUAGE_STANDARD = "gnu++0x";
				CLANG_CXX_LIBRARY = "libc++";
				CLANG_ENABLE_MODULES = YES;
				CLANG_ENABLE_OBJC_ARC = YES;
				CLANG_WARN_BOOL_CONVERSION = YES;
				CLANG_WARN_CONSTANT_CONVERSION = YES;
				CLANG_WARN_DIRECT_OBJC_ISA_USAGE = YES_ERROR;
				CLANG_WARN_DOCUMENTATION_COMMENTS = YES;
				CLANG_WARN_EMPTY_BODY = YES;
				CLANG_WARN_ENUM_CONVERSION = YES;
				CLANG_WARN_INFINITE_RECURSION = YES;
				CLANG_WARN_INT_CONVERSION = YES;
				CLANG_WARN_OBJC_ROOT_CLASS = YES_ERROR;
				CLANG_WARN_SUSPICIOUS_MOVE = YES;
				CLANG_WARN_UNREACHABLE_CODE = YES;
				CLANG_WARN__DUPLICATE_METHOD_MATCH = YES;
				"CODE_SIGN_IDENTITY[sdk=iphoneos*]" = "iPhone Developer";
				COPY_PHASE_STRIP = NO;
				DEBUG_INFORMATION_FORMAT = dwarf;
				ENABLE_STRICT_OBJC_MSGSEND = YES;
				ENABLE_TESTABILITY = YES;
				GCC_C_LANGUAGE_STANDARD = gnu99;
				GCC_DYNAMIC_NO_PIC = NO;
				GCC_NO_COMMON_BLOCKS = YES;
				GCC_OPTIMIZATION_LEVEL = 0;
				GCC_PREPROCESSOR_DEFINITIONS = (
					"DEBUG=1",
					"$(inherited)",
				);
				GCC_WARN_64_TO_32_BIT_CONVERSION = YES;
				GCC_WARN_ABOUT_RETURN_TYPE = YES_ERROR;
				GCC_WARN_UNDECLARED_SELECTOR = YES;
				GCC_WARN_UNINITIALIZED_AUTOS = YES_AGGRESSIVE;
				GCC_WARN_UNUSED_FUNCTION = YES;
				GCC_WARN_UNUSED_VARIABLE = YES;
				IPHONEOS_DEPLOYMENT_TARGET = 10.3;
				MTL_ENABLE_DEBUG_INFO = YES;
				ONLY_ACTIVE_ARCH = YES;
				SDKROOT = iphoneos;
				TARGETED_DEVICE_FAMILY = "1,2";
			};
			name = Debug;
		};
		7639DD581ED970E70020C19C /* Release */ = {
			isa = XCBuildConfiguration;
			buildSettings = {
				ALWAYS_SEARCH_USER_PATHS = NO;
				CLANG_ANALYZER_NONNULL = YES;
				CLANG_ANALYZER_NUMBER_OBJECT_CONVERSION = YES_AGGRESSIVE;
				CLANG_CXX_LANGUAGE_STANDARD = "gnu++0x";
				CLANG_CXX_LIBRARY = "libc++";
				CLANG_ENABLE_MODULES = YES;
				CLANG_ENABLE_OBJC_ARC = YES;
				CLANG_WARN_BOOL_CONVERSION = YES;
				CLANG_WARN_CONSTANT_CONVERSION = YES;
				CLANG_WARN_DIRECT_OBJC_ISA_USAGE = YES_ERROR;
				CLANG_WARN_DOCUMENTATION_COMMENTS = YES;
				CLANG_WARN_EMPTY_BODY = YES;
				CLANG_WARN_ENUM_CONVERSION = YES;
				CLANG_WARN_INFINITE_RECURSION = YES;
				CLANG_WARN_INT_CONVERSION = YES;
				CLANG_WARN_OBJC_ROOT_CLASS = YES_ERROR;
				CLANG_WARN_SUSPICIOUS_MOVE = YES;
				CLANG_WARN_UNREACHABLE_CODE = YES;
				CLANG_WARN__DUPLICATE_METHOD_MATCH = YES;
				"CODE_SIGN_IDENTITY[sdk=iphoneos*]" = "iPhone Developer";
				COPY_PHASE_STRIP = NO;
				DEBUG_INFORMATION_FORMAT = "dwarf-with-dsym";
				ENABLE_NS_ASSERTIONS = NO;
				ENABLE_STRICT_OBJC_MSGSEND = YES;
				GCC_C_LANGUAGE_STANDARD = gnu99;
				GCC_NO_COMMON_BLOCKS = YES;
				GCC_WARN_64_TO_32_BIT_CONVERSION = YES;
				GCC_WARN_ABOUT_RETURN_TYPE = YES_ERROR;
				GCC_WARN_UNDECLARED_SELECTOR = YES;
				GCC_WARN_UNINITIALIZED_AUTOS = YES_AGGRESSIVE;
				GCC_WARN_UNUSED_FUNCTION = YES;
				GCC_WARN_UNUSED_VARIABLE = YES;
				IPHONEOS_DEPLOYMENT_TARGET = 10.3;
				MTL_ENABLE_DEBUG_INFO = NO;
				SDKROOT = iphoneos;
				TARGETED_DEVICE_FAMILY = "1,2";
				VALIDATE_PRODUCT = YES;
			};
			name = Release;
		};
		7639DD5A1ED970E70020C19C /* Debug */ = {
			isa = XCBuildConfiguration;
			buildSettings = {
				ASSETCATALOG_COMPILER_APPICON_NAME = AppIcon;
				DEVELOPMENT_TEAM = D82HCVQN26;
				INFOPLIST_FILE = "Image Processor/Info.plist";
				IPHONEOS_DEPLOYMENT_TARGET = 9.0;
				LD_RUNPATH_SEARCH_PATHS = "$(inherited) @executable_path/Frameworks";
				PRODUCT_BUNDLE_IDENTIFIER = "com.tarmin.Image-Processor";
				PRODUCT_NAME = "$(TARGET_NAME)";
			};
			name = Debug;
		};
		7639DD5B1ED970E70020C19C /* Release */ = {
			isa = XCBuildConfiguration;
			buildSettings = {
				ASSETCATALOG_COMPILER_APPICON_NAME = AppIcon;
				DEVELOPMENT_TEAM = D82HCVQN26;
				INFOPLIST_FILE = "Image Processor/Info.plist";
				IPHONEOS_DEPLOYMENT_TARGET = 9.0;
				LD_RUNPATH_SEARCH_PATHS = "$(inherited) @executable_path/Frameworks";
				PRODUCT_BUNDLE_IDENTIFIER = "com.tarmin.Image-Processor";
				PRODUCT_NAME = "$(TARGET_NAME)";
			};
			name = Release;
		};
/* End XCBuildConfiguration section */

/* Begin XCConfigurationList section */
		7639DD3A1ED970E70020C19C /* Build configuration list for PBXProject "Image Processor" */ = {
			isa = XCConfigurationList;
			buildConfigurations = (
				7639DD571ED970E70020C19C /* Debug */,
				7639DD581ED970E70020C19C /* Release */,
			);
			defaultConfigurationIsVisible = 0;
			defaultConfigurationName = Release;
		};
		7639DD591ED970E70020C19C /* Build configuration list for PBXNativeTarget "Image Processor" */ = {
			isa = XCConfigurationList;
			buildConfigurations = (
				7639DD5A1ED970E70020C19C /* Debug */,
				7639DD5B1ED970E70020C19C /* Release */,
			);
			defaultConfigurationIsVisible = 0;
			defaultConfigurationName = Release;
		};
/* End XCConfigurationList section */

/* Begin XCVersionGroup section */
		7639DD4E1ED970E70020C19C /* Image_Processor.xcdatamodeld */ = {
			isa = XCVersionGroup;
			children = (
				7639DD4F1ED970E70020C19C /* Image_Processor.xcdatamodel */,
			);
			currentVersion = 7639DD4F1ED970E70020C19C /* Image_Processor.xcdatamodel */;
			path = Image_Processor.xcdatamodeld;
			sourceTree = "<group>";
			versionGroupType = wrapper.xcdatamodel;
		};
/* End XCVersionGroup section */
	};
	rootObject = 7639DD371ED970E70020C19C /* Project object */;
}
